
Microsoft Visual Studio Solution File, Format Version 11.00
# Visual Studio 2010
# SharpDevelop 4.4
Project("{FD48973F-F585-4F70-812B-4D0503B36CE9}") = "quotes", "quotes\quotes.pyproj", "{56E3C141-08C0-4AAA-90BE-E6D4BF054704}"
EndProject
Global
	GlobalSection(SolutionConfigurationPlatforms) = preSolution
		Debug|Any CPU = Debug|Any CPU
		Release|Any CPU = Release|Any CPU
	EndGlobalSection
	GlobalSection(ProjectConfigurationPlatforms) = postSolution
		{56E3C141-08C0-4AAA-90BE-E6D4BF054704}.Debug|Any CPU.Build.0 = Debug|Any CPU
		{56E3C141-08C0-4AAA-90BE-E6D4BF054704}.Debug|Any CPU.ActiveCfg = Debug|Any CPU
		{56E3C141-08C0-4AAA-90BE-E6D4BF054704}.Release|Any CPU.Build.0 = Release|Any CPU
		{56E3C141-08C0-4AAA-90BE-E6D4BF054704}.Release|Any CPU.ActiveCfg = Release|Any CPU
	EndGlobalSection
EndGlobal
