
Microsoft Visual Studio Solution File, Format Version 11.00
# Visual Studio 2010
# SharpDevelop 4.4
Project("{FD48973F-F585-4F70-812B-4D0503B36CE9}") = "program88a", "program88a\program88a.pyproj", "{A9525991-B3DB-44BA-B9F8-FF0CF944E8BC}"
EndProject
Global
	GlobalSection(SolutionConfigurationPlatforms) = preSolution
		Debug|Any CPU = Debug|Any CPU
		Release|Any CPU = Release|Any CPU
	EndGlobalSection
	GlobalSection(ProjectConfigurationPlatforms) = postSolution
		{A9525991-B3DB-44BA-B9F8-FF0CF944E8BC}.Debug|Any CPU.Build.0 = Debug|Any CPU
		{A9525991-B3DB-44BA-B9F8-FF0CF944E8BC}.Debug|Any CPU.ActiveCfg = Debug|Any CPU
		{A9525991-B3DB-44BA-B9F8-FF0CF944E8BC}.Release|Any CPU.Build.0 = Release|Any CPU
		{A9525991-B3DB-44BA-B9F8-FF0CF944E8BC}.Release|Any CPU.ActiveCfg = Release|Any CPU
	EndGlobalSection
EndGlobal
