
Microsoft Visual Studio Solution File, Format Version 11.00
# Visual Studio 2010
# SharpDevelop 4.4
Project("{FD48973F-F585-4F70-812B-4D0503B36CE9}") = "p162b", "p162b\p162b.pyproj", "{479DAE66-CA3D-43D5-BD7E-8125AD98B11A}"
EndProject
Global
	GlobalSection(SolutionConfigurationPlatforms) = preSolution
		Debug|Any CPU = Debug|Any CPU
		Release|Any CPU = Release|Any CPU
	EndGlobalSection
	GlobalSection(ProjectConfigurationPlatforms) = postSolution
		{479DAE66-CA3D-43D5-BD7E-8125AD98B11A}.Debug|Any CPU.Build.0 = Debug|Any CPU
		{479DAE66-CA3D-43D5-BD7E-8125AD98B11A}.Debug|Any CPU.ActiveCfg = Debug|Any CPU
		{479DAE66-CA3D-43D5-BD7E-8125AD98B11A}.Release|Any CPU.Build.0 = Release|Any CPU
		{479DAE66-CA3D-43D5-BD7E-8125AD98B11A}.Release|Any CPU.ActiveCfg = Release|Any CPU
	EndGlobalSection
EndGlobal
