
Microsoft Visual Studio Solution File, Format Version 11.00
# Visual Studio 2010
# SharpDevelop 4.4
Project("{FD48973F-F585-4F70-812B-4D0503B36CE9}") = "favorite club", "favorite club\favorite club.pyproj", "{AA30862F-4ED9-4DBD-B749-EB8E026B551E}"
EndProject
Global
	GlobalSection(SolutionConfigurationPlatforms) = preSolution
		Debug|Any CPU = Debug|Any CPU
		Release|Any CPU = Release|Any CPU
	EndGlobalSection
	GlobalSection(ProjectConfigurationPlatforms) = postSolution
		{AA30862F-4ED9-4DBD-B749-EB8E026B551E}.Debug|Any CPU.Build.0 = Debug|Any CPU
		{AA30862F-4ED9-4DBD-B749-EB8E026B551E}.Debug|Any CPU.ActiveCfg = Debug|Any CPU
		{AA30862F-4ED9-4DBD-B749-EB8E026B551E}.Release|Any CPU.Build.0 = Release|Any CPU
		{AA30862F-4ED9-4DBD-B749-EB8E026B551E}.Release|Any CPU.ActiveCfg = Release|Any CPU
	EndGlobalSection
EndGlobal
